
Microsoft Visual Studio Solution File, Format Version 12.00
# Visual Studio 15
VisualStudioVersion = 15.0.26124.0
MinimumVisualStudioVersion = 15.0.26124.0
Project("{2150E333-8FDC-42A3-9474-1A3956D46DE8}") = "src", "src", "{0099925E-8974-41AB-BAE1-FE169A4AF63D}"
EndProject
Project("{FAE04EC0-301F-11D3-BF4B-00C04F79EFBC}") = "CursoOnline.Dominio", "src\CursoOnline.Dominio\CursoOnline.Dominio.csproj", "{5F655FF3-76E6-4DD2-B980-2360570837DC}"
EndProject
Project("{2150E333-8FDC-42A3-9474-1A3956D46DE8}") = "test", "test", "{06096841-8A90-4546-A295-F2EF6D787570}"
EndProject
Project("{FAE04EC0-301F-11D3-BF4B-00C04F79EFBC}") = "CursoOnline.Dominio.Test", "test\CursoOnline.Dominio.Test\CursoOnline.Dominio.Test.csproj", "{2C59FE01-9BF6-4200-B60C-0CF26BC5E782}"
EndProject
Global
	GlobalSection(SolutionConfigurationPlatforms) = preSolution
		Debug|Any CPU = Debug|Any CPU
		Debug|x64 = Debug|x64
		Debug|x86 = Debug|x86
		Release|Any CPU = Release|Any CPU
		Release|x64 = Release|x64
		Release|x86 = Release|x86
	EndGlobalSection
	GlobalSection(SolutionProperties) = preSolution
		HideSolutionNode = FALSE
	EndGlobalSection
	GlobalSection(ProjectConfigurationPlatforms) = postSolution
		{5F655FF3-76E6-4DD2-B980-2360570837DC}.Debug|Any CPU.ActiveCfg = Debug|Any CPU
		{5F655FF3-76E6-4DD2-B980-2360570837DC}.Debug|Any CPU.Build.0 = Debug|Any CPU
		{5F655FF3-76E6-4DD2-B980-2360570837DC}.Debug|x64.ActiveCfg = Debug|Any CPU
		{5F655FF3-76E6-4DD2-B980-2360570837DC}.Debug|x64.Build.0 = Debug|Any CPU
		{5F655FF3-76E6-4DD2-B980-2360570837DC}.Debug|x86.ActiveCfg = Debug|Any CPU
		{5F655FF3-76E6-4DD2-B980-2360570837DC}.Debug|x86.Build.0 = Debug|Any CPU
		{5F655FF3-76E6-4DD2-B980-2360570837DC}.Release|Any CPU.ActiveCfg = Release|Any CPU
		{5F655FF3-76E6-4DD2-B980-2360570837DC}.Release|Any CPU.Build.0 = Release|Any CPU
		{5F655FF3-76E6-4DD2-B980-2360570837DC}.Release|x64.ActiveCfg = Release|Any CPU
		{5F655FF3-76E6-4DD2-B980-2360570837DC}.Release|x64.Build.0 = Release|Any CPU
		{5F655FF3-76E6-4DD2-B980-2360570837DC}.Release|x86.ActiveCfg = Release|Any CPU
		{5F655FF3-76E6-4DD2-B980-2360570837DC}.Release|x86.Build.0 = Release|Any CPU
		{2C59FE01-9BF6-4200-B60C-0CF26BC5E782}.Debug|Any CPU.ActiveCfg = Debug|Any CPU
		{2C59FE01-9BF6-4200-B60C-0CF26BC5E782}.Debug|Any CPU.Build.0 = Debug|Any CPU
		{2C59FE01-9BF6-4200-B60C-0CF26BC5E782}.Debug|x64.ActiveCfg = Debug|Any CPU
		{2C59FE01-9BF6-4200-B60C-0CF26BC5E782}.Debug|x64.Build.0 = Debug|Any CPU
		{2C59FE01-9BF6-4200-B60C-0CF26BC5E782}.Debug|x86.ActiveCfg = Debug|Any CPU
		{2C59FE01-9BF6-4200-B60C-0CF26BC5E782}.Debug|x86.Build.0 = Debug|Any CPU
		{2C59FE01-9BF6-4200-B60C-0CF26BC5E782}.Release|Any CPU.ActiveCfg = Release|Any CPU
		{2C59FE01-9BF6-4200-B60C-0CF26BC5E782}.Release|Any CPU.Build.0 = Release|Any CPU
		{2C59FE01-9BF6-4200-B60C-0CF26BC5E782}.Release|x64.ActiveCfg = Release|Any CPU
		{2C59FE01-9BF6-4200-B60C-0CF26BC5E782}.Release|x64.Build.0 = Release|Any CPU
		{2C59FE01-9BF6-4200-B60C-0CF26BC5E782}.Release|x86.ActiveCfg = Release|Any CPU
		{2C59FE01-9BF6-4200-B60C-0CF26BC5E782}.Release|x86.Build.0 = Release|Any CPU
	EndGlobalSection
	GlobalSection(NestedProjects) = preSolution
		{5F655FF3-76E6-4DD2-B980-2360570837DC} = {0099925E-8974-41AB-BAE1-FE169A4AF63D}
		{2C59FE01-9BF6-4200-B60C-0CF26BC5E782} = {06096841-8A90-4546-A295-F2EF6D787570}
	EndGlobalSection
EndGlobal
